
Microsoft Visual Studio Solution File, Format Version 12.00
# Visual Studio 15
Project("{FAE04EC0-301F-11D3-BF4B-00C04F79EFBC}") = "Assembly-CSharp-Editor", "Assembly-CSharp-Editor.csproj", "{78812F71-56CD-973B-D69C-BD0BFB916B52}"
EndProject
Project("{FAE04EC0-301F-11D3-BF4B-00C04F79EFBC}") = "Assembly-CSharp", "Assembly-CSharp.csproj", "{6313150A-975A-2D8F-9427-D50B2AA15370}"
EndProject
Global
	GlobalSection(SolutionConfigurationPlatforms) = preSolution
		Debug|Any CPU = Debug|Any CPU
		Release|Any CPU = Release|Any CPU
	EndGlobalSection
	GlobalSection(ProjectConfigurationPlatforms) = postSolution
		{78812F71-56CD-973B-D69C-BD0BFB916B52}.Debug|Any CPU.ActiveCfg = Debug|Any CPU
		{78812F71-56CD-973B-D69C-BD0BFB916B52}.Debug|Any CPU.Build.0 = Debug|Any CPU
		{78812F71-56CD-973B-D69C-BD0BFB916B52}.Release|Any CPU.ActiveCfg = Release|Any CPU
		{78812F71-56CD-973B-D69C-BD0BFB916B52}.Release|Any CPU.Build.0 = Release|Any CPU
		{6313150A-975A-2D8F-9427-D50B2AA15370}.Debug|Any CPU.ActiveCfg = Debug|Any CPU
		{6313150A-975A-2D8F-9427-D50B2AA15370}.Debug|Any CPU.Build.0 = Debug|Any CPU
		{6313150A-975A-2D8F-9427-D50B2AA15370}.Release|Any CPU.ActiveCfg = Release|Any CPU
		{6313150A-975A-2D8F-9427-D50B2AA15370}.Release|Any CPU.Build.0 = Release|Any CPU
	EndGlobalSection
	GlobalSection(SolutionProperties) = preSolution
		HideSolutionNode = FALSE
	EndGlobalSection
EndGlobal
